
Microsoft Visual Studio Solution File, Format Version 12.00
# Visual Studio Version 17
VisualStudioVersion = 17.0.32112.339
MinimumVisualStudioVersion = 10.0.40219.1
Project("{FAE04EC0-301F-11D3-BF4B-00C04F79EFBC}") = "BlinkDetector2", "BlinkDetector2\BlinkDetector2.csproj", "{8C435EE3-935E-48CC-A26D-5D2F6A55AA25}"
EndProject
Global
	GlobalSection(SolutionConfigurationPlatforms) = preSolution
		Debug|Any CPU = Debug|Any CPU
		Release|Any CPU = Release|Any CPU
	EndGlobalSection
	GlobalSection(ProjectConfigurationPlatforms) = postSolution
		{8C435EE3-935E-48CC-A26D-5D2F6A55AA25}.Debug|Any CPU.ActiveCfg = Debug|Any CPU
		{8C435EE3-935E-48CC-A26D-5D2F6A55AA25}.Debug|Any CPU.Build.0 = Debug|Any CPU
		{8C435EE3-935E-48CC-A26D-5D2F6A55AA25}.Release|Any CPU.ActiveCfg = Release|Any CPU
		{8C435EE3-935E-48CC-A26D-5D2F6A55AA25}.Release|Any CPU.Build.0 = Release|Any CPU
	EndGlobalSection
	GlobalSection(SolutionProperties) = preSolution
		HideSolutionNode = FALSE
	EndGlobalSection
	GlobalSection(ExtensibilityGlobals) = postSolution
		SolutionGuid = {3101E423-1DCB-40E4-8AA9-FF0D82B08490}
	EndGlobalSection
EndGlobal
